// !$*UTF8*$!
{
	archiveVersion = 1;
	classes = {
	};
	objectVersion = 50;
	objects = {

/* Begin PBXBuildFile section */
		BDBA89D120CCA8AF00812897 /* AppDelegate.swift in Sources */ = {isa = PBXBuildFile; fileRef = BDBA89D020CCA8AF00812897 /* AppDelegate.swift */; };
		BDBA89D320CCA8AF00812897 /* ViewController.swift in Sources */ = {isa = PBXBuildFile; fileRef = BDBA89D220CCA8AF00812897 /* ViewController.swift */; };
		BDBA89D620CCA8AF00812897 /* Main.storyboard in Resources */ = {isa = PBXBuildFile; fileRef = BDBA89D420CCA8AF00812897 /* Main.storyboard */; };
		BDBA89D820CCA8B000812897 /* Assets.xcassets in Resources */ = {isa = PBXBuildFile; fileRef = BDBA89D720CCA8B000812897 /* Assets.xcassets */; };
		BDBA89DB20CCA8B000812897 /* LaunchScreen.storyboard in Resources */ = {isa = PBXBuildFile; fileRef = BDBA89D920CCA8B000812897 /* LaunchScreen.storyboard */; };
/* End PBXBuildFile section */

/* Begin PBXFileReference section */
		BDBA89CD20CCA8AF00812897 /* WhatFlower.app */ = {isa = PBXFileReference; explicitFileType = wrapper.application; includeInIndex = 0; path = WhatFlower.app; sourceTree = BUILT_PRODUCTS_DIR; };
		BDBA89D020CCA8AF00812897 /* AppDelegate.swift */ = {isa = PBXFileReference; lastKnownFileType = sourcecode.swift; path = AppDelegate.swift; sourceTree = "<group>"; };
		BDBA89D220CCA8AF00812897 /* ViewController.swift */ = {isa = PBXFileReference; lastKnownFileType = sourcecode.swift; path = ViewController.swift; sourceTree = "<group>"; };
		BDBA89D520CCA8AF00812897 /* Base */ = {isa = PBXFileReference; lastKnownFileType = file.storyboard; name = Base; path = Base.lproj/Main.storyboard; sourceTree = "<group>"; };
		BDBA89D720CCA8B000812897 /* Assets.xcassets */ = {isa = PBXFileReference; lastKnownFileType = folder.assetcatalog; path = Assets.xcassets; sourceTree = "<group>"; };
		BDBA89DA20CCA8B000812897 /* Base */ = {isa = PBXFileReference; lastKnownFileType = file.storyboard; name = Base; path = Base.lproj/LaunchScreen.storyboard; sourceTree = "<group>"; };
		BDBA89DC20CCA8B000812897 /* Info.plist */ = {isa = PBXFileReference; lastKnownFileType = text.plist.xml; path = Info.plist; sourceTree = "<group>"; };
/* End PBXFileReference section */

/* Begin PBXFrameworksBuildPhase section */
		BDBA89CA20CCA8AF00812897 /* Frameworks */ = {
			isa = PBXFrameworksBuildPhase;
			buildActionMask = 2147483647;
			files = (
			);
			runOnlyForDeploymentPostprocessing = 0;
		};
/* End PBXFrameworksBuildPhase section */

/* Begin PBXGroup section */
		BDBA89C420CCA8AF00812897 = {
			isa = PBXGroup;
			children = (
				BDBA89CF20CCA8AF00812897 /* WhatFlower */,
				BDBA89CE20CCA8AF00812897 /* Products */,
			);
			sourceTree = "<group>";
		};
		BDBA89CE20CCA8AF00812897 /* Products */ = {
			isa = PBXGroup;
			children = (
				BDBA89CD20CCA8AF00812897 /* WhatFlower.app */,
			);
			name = Products;
			sourceTree = "<group>";
		};
		BDBA89CF20CCA8AF00812897 /* WhatFlower */ = {
			isa = PBXGroup;
			children = (
				BDBA89D020CCA8AF00812897 /* AppDelegate.swift */,
				BDBA89D220CCA8AF00812897 /* ViewController.swift */,
				BDBA89D420CCA8AF00812897 /* Main.storyboard */,
				BDBA89D720CCA8B000812897 /* Assets.xcassets */,
				BDBA89D920CCA8B000812897 /* LaunchScreen.storyboard */,
				BDBA89DC20CCA8B000812897 /* Info.plist */,
			);
			path = WhatFlower;
			sourceTree = "<group>";
		};
/* End PBXGroup section */

/* Begin PBXNativeTarget section */
		BDBA89CC20CCA8AF00812897 /* WhatFlower */ = {
			isa = PBXNativeTarget;
			buildConfigurationList = BDBA89DF20CCA8B000812897 /* Build configuration list for PBXNativeTarget "WhatFlower" */;
			buildPhases = (
				BDBA89C920CCA8AF00812897 /* Sources */,
				BDBA89CA20CCA8AF00812897 /* Frameworks */,
				BDBA89CB20CCA8AF00812897 /* Resources */,
			);
			buildRules = (
			);
			dependencies = (
			);
			name = WhatFlower;
			productName = WhatFlower;
			productReference = BDBA89CD20CCA8AF00812897 /* WhatFlower.app */;
			productType = "com.apple.product-type.application";
		};
/* End PBXNativeTarget section */

/* Begin PBXProject section */
		BDBA89C520CCA8AF00812897 /* Project object */ = {
			isa = PBXProject;
			attributes = {
				LastSwiftUpdateCheck = 0940;
				LastUpgradeCheck = 0940;
				ORGANIZATIONNAME = "Viswa Kodela";
				TargetAttributes = {
					BDBA89CC20CCA8AF00812897 = {
						CreatedOnToolsVersion = 9.4;
					};
				};
			};
			buildConfigurationList = BDBA89C820CCA8AF00812897 /* Build configuration list for PBXProject "WhatFlower" */;
			compatibilityVersion = "Xcode 9.3";
			developmentRegion = en;
			hasScannedForEncodings = 0;
			knownRegions = (
				en,
				Base,
			);
			mainGroup = BDBA89C420CCA8AF00812897;
			productRefGroup = BDBA89CE20CCA8AF00812897 /* Products */;
			projectDirPath = "";
			projectRoot = "";
			targets = (
				BDBA89CC20CCA8AF00812897 /* WhatFlower */,
			);
		};
/* End PBXProject section */

/* Begin PBXResourcesBuildPhase section */
		BDBA89CB20CCA8AF00812897 /* Resources */ = {
			isa = PBXResourcesBuildPhase;
			buildActionMask = 2147483647;
			files = (
				BDBA89DB20CCA8B000812897 /* LaunchScreen.storyboard in Resources */,
				BDBA89D820CCA8B000812897 /* Assets.xcassets in Resources */,
				BDBA89D620CCA8AF00812897 /* Main.storyboard in Resources */,
			);
			runOnlyForDeploymentPostprocessing = 0;
		};
/* End PBXResourcesBuildPhase section */

/* Begin PBXSourcesBuildPhase section */
		BDBA89C920CCA8AF00812897 /* Sources */ = {
			isa = PBXSourcesBuildPhase;
			buildActionMask = 2147483647;
			files = (
				BDBA89D320CCA8AF00812897 /* ViewController.swift in Sources */,
				BDBA89D120CCA8AF00812897 /* AppDelegate.swift in Sources */,
			);
			runOnlyForDeploymentPostprocessing = 0;
		};
/* End PBXSourcesBuildPhase section */

/* Begin PBXVariantGroup section */
		BDBA89D420CCA8AF00812897 /* Main.storyboard */ = {
			isa = PBXVariantGroup;
			children = (
				BDBA89D520CCA8AF00812897 /* Base */,
			);
			name = Main.storyboard;
			sourceTree = "<group>";
		};
		BDBA89D920CCA8B000812897 /* LaunchScreen.storyboard */ = {
			isa = PBXVariantGroup;
			children = (
				BDBA89DA20CCA8B000812897 /* Base */,
			);
			name = LaunchScreen.storyboard;
			sourceTree = "<group>";
		};
/* End PBXVariantGroup section */

/* Begin XCBuildConfiguration section */
		BDBA89DD20CCA8B000812897 /* Debug */ = {
			isa = XCBuildConfiguration;
			buildSettings = {
				ALWAYS_SEARCH_USER_PATHS = NO;
				CLANG_ANALYZER_NONNULL = YES;
				CLANG_ANALYZER_NUMBER_OBJECT_CONVERSION = YES_AGGRESSIVE;
				CLANG_CXX_LANGUAGE_STANDARD = "gnu++14";
				CLANG_CXX_LIBRARY = "libc++";
				CLANG_ENABLE_MODULES = YES;
				CLANG_ENABLE_OBJC_ARC = YES;
				CLANG_ENABLE_OBJC_WEAK = YES;
				CLANG_WARN_BLOCK_CAPTURE_AUTORELEASING = YES;
				CLANG_WARN_BOOL_CONVERSION = YES;
				CLANG_WARN_COMMA = YES;
				CLANG_WARN_CONSTANT_CONVERSION = YES;
				CLANG_WARN_DEPRECATED_OBJC_IMPLEMENTATIONS = YES;
				CLANG_WARN_DIRECT_OBJC_ISA_USAGE = YES_ERROR;
				CLANG_WARN_DOCUMENTATION_COMMENTS = YES;
				CLANG_WARN_EMPTY_BODY = YES;
				CLANG_WARN_ENUM_CONVERSION = YES;
				CLANG_WARN_INFINITE_RECURSION = YES;
				CLANG_WARN_INT_CONVERSION = YES;
				CLANG_WARN_NON_LITERAL_NULL_CONVERSION = YES;
				CLANG_WARN_OBJC_IMPLICIT_RETAIN_SELF = YES;
				CLANG_WARN_OBJC_LITERAL_CONVERSION = YES;
				CLANG_WARN_OBJC_ROOT_CLASS = YES_ERROR;
				CLANG_WARN_RANGE_LOOP_ANALYSIS = YES;
				CLANG_WARN_STRICT_PROTOTYPES = YES;
				CLANG_WARN_SUSPICIOUS_MOVE = YES;
				CLANG_WARN_UNGUARDED_AVAILABILITY = YES_AGGRESSIVE;
				CLANG_WARN_UNREACHABLE_CODE = YES;
				CLANG_WARN__DUPLICATE_METHOD_MATCH = YES;
				CODE_SIGN_IDENTITY = "iPhone Developer";
				COPY_PHASE_STRIP = NO;
				DEBUG_INFORMATION_FORMAT = dwarf;
				ENABLE_STRICT_OBJC_MSGSEND = YES;
				ENABLE_TESTABILITY = YES;
				GCC_C_LANGUAGE_STANDARD = gnu11;
				GCC_DYNAMIC_NO_PIC = NO;
				GCC_NO_COMMON_BLOCKS = YES;
				GCC_OPTIMIZATION_LEVEL = 0;
				GCC_PREPROCESSOR_DEFINITIONS = (
					"DEBUG=1",
					"$(inherited)",
				);
				GCC_WARN_64_TO_32_BIT_CONVERSION = YES;
				GCC_WARN_ABOUT_RETURN_TYPE = YES_ERROR;
				GCC_WARN_UNDECLARED_SELECTOR = YES;
				GCC_WARN_UNINITIALIZED_AUTOS = YES_AGGRESSIVE;
				GCC_WARN_UNUSED_FUNCTION = YES;
				GCC_WARN_UNUSED_VARIABLE = YES;
				IPHONEOS_DEPLOYMENT_TARGET = 11.4;
				MTL_ENABLE_DEBUG_INFO = YES;
				ONLY_ACTIVE_ARCH = YES;
				SDKROOT = iphoneos;
				SWIFT_ACTIVE_COMPILATION_CONDITIONS = DEBUG;
				SWIFT_OPTIMIZATION_LEVEL = "-Onone";
			};
			name = Debug;
		};
		BDBA89DE20CCA8B000812897 /* Release */ = {
			isa = XCBuildConfiguration;
			buildSettings = {
				ALWAYS_SEARCH_USER_PATHS = NO;
				CLANG_ANALYZER_NONNULL = YES;
				CLANG_ANALYZER_NUMBER_OBJECT_CONVERSION = YES_AGGRESSIVE;
				CLANG_CXX_LANGUAGE_STANDARD = "gnu++14";
				CLANG_CXX_LIBRARY = "libc++";
				CLANG_ENABLE_MODULES = YES;
				CLANG_ENABLE_OBJC_ARC = YES;
				CLANG_ENABLE_OBJC_WEAK = YES;
				CLANG_WARN_BLOCK_CAPTURE_AUTORELEASING = YES;
				CLANG_WARN_BOOL_CONVERSION = YES;
				CLANG_WARN_COMMA = YES;
				CLANG_WARN_CONSTANT_CONVERSION = YES;
				CLANG_WARN_DEPRECATED_OBJC_IMPLEMENTATIONS = YES;
				CLANG_WARN_DIRECT_OBJC_ISA_USAGE = YES_ERROR;
				CLANG_WARN_DOCUMENTATION_COMMENTS = YES;
				CLANG_WARN_EMPTY_BODY = YES;
				CLANG_WARN_ENUM_CONVERSION = YES;
				CLANG_WARN_INFINITE_RECURSION = YES;
				CLANG_WARN_INT_CONVERSION = YES;
				CLANG_WARN_NON_LITERAL_NULL_CONVERSION = YES;
				CLANG_WARN_OBJC_IMPLICIT_RETAIN_SELF = YES;
				CLANG_WARN_OBJC_LITERAL_CONVERSION = YES;
				CLANG_WARN_OBJC_ROOT_CLASS = YES_ERROR;
				CLANG_WARN_RANGE_LOOP_ANALYSIS = YES;
				CLANG_WARN_STRICT_PROTOTYPES = YES;
				CLANG_WARN_SUSPICIOUS_MOVE = YES;
				CLANG_WARN_UNGUARDED_AVAILABILITY = YES_AGGRESSIVE;
				CLANG_WARN_UNREACHABLE_CODE = YES;
				CLANG_WARN__DUPLICATE_METHOD_MATCH = YES;
				CODE_SIGN_IDENTITY = "iPhone Developer";
				COPY_PHASE_STRIP = NO;
				DEBUG_INFORMATION_FORMAT = "dwarf-with-dsym";
				ENABLE_NS_ASSERTIONS = NO;
				ENABLE_STRICT_OBJC_MSGSEND = YES;
				GCC_C_LANGUAGE_STANDARD = gnu11;
				GCC_NO_COMMON_BLOCKS = YES;
				GCC_WARN_64_TO_32_BIT_CONVERSION = YES;
				GCC_WARN_ABOUT_RETURN_TYPE = YES_ERROR;
				GCC_WARN_UNDECLARED_SELECTOR = YES;
				GCC_WARN_UNINITIALIZED_AUTOS = YES_AGGRESSIVE;
				GCC_WARN_UNUSED_FUNCTION = YES;
				GCC_WARN_UNUSED_VARIABLE = YES;
				IPHONEOS_DEPLOYMENT_TARGET = 11.4;
				MTL_ENABLE_DEBUG_INFO = NO;
				SDKROOT = iphoneos;
				SWIFT_COMPILATION_MODE = wholemodule;
				SWIFT_OPTIMIZATION_LEVEL = "-O";
				VALIDATE_PRODUCT = YES;
			};
			name = Release;
		};
		BDBA89E020CCA8B000812897 /* Debug */ = {
			isa = XCBuildConfiguration;
			buildSettings = {
				ASSETCATALOG_COMPILER_APPICON_NAME = AppIcon;
				CODE_SIGN_STYLE = Automatic;
				DEVELOPMENT_TEAM = SFNG7GVEK8;
				INFOPLIST_FILE = WhatFlower/Info.plist;
				LD_RUNPATH_SEARCH_PATHS = (
					"$(inherited)",
					"@executable_path/Frameworks",
				);
				PRODUCT_BUNDLE_IDENTIFIER = com.viswakodela.WhatFlower;
				PRODUCT_NAME = "$(TARGET_NAME)";
				SWIFT_VERSION = 4.0;
				TARGETED_DEVICE_FAMILY = "1,2";
			};
			name = Debug;
		};
		BDBA89E120CCA8B000812897 /* Release */ = {
			isa = XCBuildConfiguration;
			buildSettings = {
				ASSETCATALOG_COMPILER_APPICON_NAME = AppIcon;
				CODE_SIGN_STYLE = Automatic;
				DEVELOPMENT_TEAM = SFNG7GVEK8;
				INFOPLIST_FILE = WhatFlower/Info.plist;
				LD_RUNPATH_SEARCH_PATHS = (
					"$(inherited)",
					"@executable_path/Frameworks",
				);
				PRODUCT_BUNDLE_IDENTIFIER = com.viswakodela.WhatFlower;
				PRODUCT_NAME = "$(TARGET_NAME)";
				SWIFT_VERSION = 4.0;
				TARGETED_DEVICE_FAMILY = "1,2";
			};
			name = Release;
		};
/* End XCBuildConfiguration section */

/* Begin XCConfigurationList section */
		BDBA89C820CCA8AF00812897 /* Build configuration list for PBXProject "WhatFlower" */ = {
			isa = XCConfigurationList;
			buildConfigurations = (
				BDBA89DD20CCA8B000812897 /* Debug */,
				BDBA89DE20CCA8B000812897 /* Release */,
			);
			defaultConfigurationIsVisible = 0;
			defaultConfigurationName = Release;
		};
		BDBA89DF20CCA8B000812897 /* Build configuration list for PBXNativeTarget "WhatFlower" */ = {
			isa = XCConfigurationList;
			buildConfigurations = (
				BDBA89E020CCA8B000812897 /* Debug */,
				BDBA89E120CCA8B000812897 /* Release */,
			);
			defaultConfigurationIsVisible = 0;
			defaultConfigurationName = Release;
		};
/* End XCConfigurationList section */
	};
	rootObject = BDBA89C520CCA8AF00812897 /* Project object */;
}
